# This file is autogenerated, do not edit; changes may be undone by the next 'dep ensure'.


[[projects]]
  branch = "master"
  digest = "1:4457fef77af0dedbd5f8f7e2b667be374b9130a20bd1ddeec758d937d4dd4789"
  name = "github.com/dopin/jsonapi"
  packages = ["."]
  pruneopts = "UT"
  revision = "b621ca6c494ca5c5e1381381fea1bb7cdb8d7c9d"

[solve-meta]
  analyzer-name = "dep"
  analyzer-version = 1
  input-imports = ["github.com/dopin/jsonapi"]
  solver-name = "gps-cdcl"
  solver-version = 1
