# This file is autogenerated, do not edit; changes may be undone by the next 'dep ensure'.


[[projects]]
  branch = "master"
  name = "github.com/dopin/jsonapi"
  packages = ["."]
  revision = "e5984fda5c4b9ede72ef942ba73c00aa4a2009a2"

[solve-meta]
  analyzer-name = "dep"
  analyzer-version = 1
  inputs-digest = "1ac6dbdd278925e1643aadf2cc785c63b2104ed71a1fec2df70815e236a17719"
  solver-name = "gps-cdcl"
  solver-version = 1
